{
  "name": "meuprograma",
  "version": "1.0.0",
  "lockfileVersion": 2,
  "requires": true,
  "packages": {
    "": {
      "name": "meuprograma",
      "version": "1.0.0",
      "license": "ISC",
      "dependencies": {
        "matematica": "file:../MAT"
      }
    },
    "../MAT": {
      "name": "matematica",
      "version": "1.0.0",
      "license": "ISC"
    },
    "node_modules/matematica": {
      "resolved": "../MAT",
      "link": true
    }
  },
  "dependencies": {
    "matematica": {
      "version": "file:../MAT"
    }
  }
}
